
Microsoft Visual Studio Solution File, Format Version 12.00
# Visual Studio Version 17
VisualStudioVersion = 17.8.34511.84
MinimumVisualStudioVersion = 10.0.40219.1
Project("{FAE04EC0-301F-11D3-BF4B-00C04F79EFBC}") = "Задание4 Функции", "Задание4 Функции\Задание4 Функции.csproj", "{8B27154B-E073-42D5-9B74-E52F64662BE8}"
EndProject
Global
	GlobalSection(SolutionConfigurationPlatforms) = preSolution
		Debug|Any CPU = Debug|Any CPU
		Release|Any CPU = Release|Any CPU
	EndGlobalSection
	GlobalSection(ProjectConfigurationPlatforms) = postSolution
		{8B27154B-E073-42D5-9B74-E52F64662BE8}.Debug|Any CPU.ActiveCfg = Debug|Any CPU
		{8B27154B-E073-42D5-9B74-E52F64662BE8}.Debug|Any CPU.Build.0 = Debug|Any CPU
		{8B27154B-E073-42D5-9B74-E52F64662BE8}.Release|Any CPU.ActiveCfg = Release|Any CPU
		{8B27154B-E073-42D5-9B74-E52F64662BE8}.Release|Any CPU.Build.0 = Release|Any CPU
	EndGlobalSection
	GlobalSection(SolutionProperties) = preSolution
		HideSolutionNode = FALSE
	EndGlobalSection
	GlobalSection(ExtensibilityGlobals) = postSolution
		SolutionGuid = {F7AB5201-624B-4A2D-97DD-4A7B01BE673D}
	EndGlobalSection
EndGlobal
