
Microsoft Visual Studio Solution File, Format Version 12.00
# Visual Studio Version 17
VisualStudioVersion = 17.8.34511.84
MinimumVisualStudioVersion = 10.0.40219.1
Project("{FAE04EC0-301F-11D3-BF4B-00C04F79EFBC}") = "Задание8 Функции", "Задание8 Функции\Задание8 Функции.csproj", "{75E5AFB1-08C6-4041-81E8-4CB107D47E39}"
EndProject
Global
	GlobalSection(SolutionConfigurationPlatforms) = preSolution
		Debug|Any CPU = Debug|Any CPU
		Release|Any CPU = Release|Any CPU
	EndGlobalSection
	GlobalSection(ProjectConfigurationPlatforms) = postSolution
		{75E5AFB1-08C6-4041-81E8-4CB107D47E39}.Debug|Any CPU.ActiveCfg = Debug|Any CPU
		{75E5AFB1-08C6-4041-81E8-4CB107D47E39}.Debug|Any CPU.Build.0 = Debug|Any CPU
		{75E5AFB1-08C6-4041-81E8-4CB107D47E39}.Release|Any CPU.ActiveCfg = Release|Any CPU
		{75E5AFB1-08C6-4041-81E8-4CB107D47E39}.Release|Any CPU.Build.0 = Release|Any CPU
	EndGlobalSection
	GlobalSection(SolutionProperties) = preSolution
		HideSolutionNode = FALSE
	EndGlobalSection
	GlobalSection(ExtensibilityGlobals) = postSolution
		SolutionGuid = {6BFB545D-DEA9-4711-8520-75BA17F854FE}
	EndGlobalSection
EndGlobal
